
Microsoft Visual Studio Solution File, Format Version 12.00
# Visual Studio Version 17
VisualStudioVersion = 17.10.35013.160
MinimumVisualStudioVersion = 10.0.40219.1
Project("{9A19103F-16F7-4668-BE54-9A1E7A4F7556}") = "Shop.Web", "Shop.Web\Shop.Web.csproj", "{A00F0B66-37AE-49A3-86C6-A1C93DDF7BB7}"
EndProject
Project("{FAE04EC0-301F-11D3-BF4B-00C04F79EFBC}") = "Shop.Web_Razor", "Shop.Web_Razor\Shop.Web_Razor.csproj", "{F299EB98-C3C6-408F-869B-98A0350392CD}"
EndProject
Global
	GlobalSection(SolutionConfigurationPlatforms) = preSolution
		Debug|Any CPU = Debug|Any CPU
		Release|Any CPU = Release|Any CPU
	EndGlobalSection
	GlobalSection(ProjectConfigurationPlatforms) = postSolution
		{A00F0B66-37AE-49A3-86C6-A1C93DDF7BB7}.Debug|Any CPU.ActiveCfg = Debug|Any CPU
		{A00F0B66-37AE-49A3-86C6-A1C93DDF7BB7}.Debug|Any CPU.Build.0 = Debug|Any CPU
		{A00F0B66-37AE-49A3-86C6-A1C93DDF7BB7}.Release|Any CPU.ActiveCfg = Release|Any CPU
		{A00F0B66-37AE-49A3-86C6-A1C93DDF7BB7}.Release|Any CPU.Build.0 = Release|Any CPU
		{F299EB98-C3C6-408F-869B-98A0350392CD}.Debug|Any CPU.ActiveCfg = Debug|Any CPU
		{F299EB98-C3C6-408F-869B-98A0350392CD}.Debug|Any CPU.Build.0 = Debug|Any CPU
		{F299EB98-C3C6-408F-869B-98A0350392CD}.Release|Any CPU.ActiveCfg = Release|Any CPU
		{F299EB98-C3C6-408F-869B-98A0350392CD}.Release|Any CPU.Build.0 = Release|Any CPU
	EndGlobalSection
	GlobalSection(SolutionProperties) = preSolution
		HideSolutionNode = FALSE
	EndGlobalSection
	GlobalSection(ExtensibilityGlobals) = postSolution
		SolutionGuid = {F127143B-FE92-4837-9738-2E469F3113CF}
	EndGlobalSection
EndGlobal
